// !$*UTF8*$!
{
	archiveVersion = 1;
	classes = {
	};
	objectVersion = 50;
	objects = {

/* Begin PBXBuildFile section */
		D5FF52EC26CE188D005805B2 /* TabBarSampleApp.swift in Sources */ = {isa = PBXBuildFile; fileRef = D5FF52EB26CE188D005805B2 /* TabBarSampleApp.swift */; };
		D5FF52EE26CE188D005805B2 /* ContentView.swift in Sources */ = {isa = PBXBuildFile; fileRef = D5FF52ED26CE188D005805B2 /* ContentView.swift */; };
		D5FF52F026CE188F005805B2 /* Assets.xcassets in Resources */ = {isa = PBXBuildFile; fileRef = D5FF52EF26CE188F005805B2 /* Assets.xcassets */; };
		D5FF52F326CE188F005805B2 /* Preview Assets.xcassets in Resources */ = {isa = PBXBuildFile; fileRef = D5FF52F226CE188F005805B2 /* Preview Assets.xcassets */; };
		D5FF52FB26CE196C005805B2 /* Trip.swift in Sources */ = {isa = PBXBuildFile; fileRef = D5FF52FA26CE196C005805B2 /* Trip.swift */; };
		D5FF52FD26CE1AF4005805B2 /* Home.swift in Sources */ = {isa = PBXBuildFile; fileRef = D5FF52FC26CE1AF4005805B2 /* Home.swift */; };
		D5FF52FF26CE4EFB005805B2 /* PageControll.swift in Sources */ = {isa = PBXBuildFile; fileRef = D5FF52FE26CE4EFB005805B2 /* PageControll.swift */; };
		D5FF530126CE516A005805B2 /* CustomShape.swift in Sources */ = {isa = PBXBuildFile; fileRef = D5FF530026CE516A005805B2 /* CustomShape.swift */; };
/* End PBXBuildFile section */

/* Begin PBXFileReference section */
		D5FF52E826CE188D005805B2 /* TabBarSample.app */ = {isa = PBXFileReference; explicitFileType = wrapper.application; includeInIndex = 0; path = TabBarSample.app; sourceTree = BUILT_PRODUCTS_DIR; };
		D5FF52EB26CE188D005805B2 /* TabBarSampleApp.swift */ = {isa = PBXFileReference; lastKnownFileType = sourcecode.swift; path = TabBarSampleApp.swift; sourceTree = "<group>"; };
		D5FF52ED26CE188D005805B2 /* ContentView.swift */ = {isa = PBXFileReference; lastKnownFileType = sourcecode.swift; path = ContentView.swift; sourceTree = "<group>"; };
		D5FF52EF26CE188F005805B2 /* Assets.xcassets */ = {isa = PBXFileReference; lastKnownFileType = folder.assetcatalog; path = Assets.xcassets; sourceTree = "<group>"; };
		D5FF52F226CE188F005805B2 /* Preview Assets.xcassets */ = {isa = PBXFileReference; lastKnownFileType = folder.assetcatalog; path = "Preview Assets.xcassets"; sourceTree = "<group>"; };
		D5FF52F426CE188F005805B2 /* Info.plist */ = {isa = PBXFileReference; lastKnownFileType = text.plist.xml; path = Info.plist; sourceTree = "<group>"; };
		D5FF52FA26CE196C005805B2 /* Trip.swift */ = {isa = PBXFileReference; lastKnownFileType = sourcecode.swift; path = Trip.swift; sourceTree = "<group>"; };
		D5FF52FC26CE1AF4005805B2 /* Home.swift */ = {isa = PBXFileReference; lastKnownFileType = sourcecode.swift; path = Home.swift; sourceTree = "<group>"; };
		D5FF52FE26CE4EFB005805B2 /* PageControll.swift */ = {isa = PBXFileReference; lastKnownFileType = sourcecode.swift; path = PageControll.swift; sourceTree = "<group>"; };
		D5FF530026CE516A005805B2 /* CustomShape.swift */ = {isa = PBXFileReference; lastKnownFileType = sourcecode.swift; path = CustomShape.swift; sourceTree = "<group>"; };
/* End PBXFileReference section */

/* Begin PBXFrameworksBuildPhase section */
		D5FF52E526CE188D005805B2 /* Frameworks */ = {
			isa = PBXFrameworksBuildPhase;
			buildActionMask = 2147483647;
			files = (
			);
			runOnlyForDeploymentPostprocessing = 0;
		};
/* End PBXFrameworksBuildPhase section */

/* Begin PBXGroup section */
		D5FF52DF26CE188D005805B2 = {
			isa = PBXGroup;
			children = (
				D5FF52EA26CE188D005805B2 /* TabBarSample */,
				D5FF52E926CE188D005805B2 /* Products */,
			);
			sourceTree = "<group>";
		};
		D5FF52E926CE188D005805B2 /* Products */ = {
			isa = PBXGroup;
			children = (
				D5FF52E826CE188D005805B2 /* TabBarSample.app */,
			);
			name = Products;
			sourceTree = "<group>";
		};
		D5FF52EA26CE188D005805B2 /* TabBarSample */ = {
			isa = PBXGroup;
			children = (
				D5FF52EB26CE188D005805B2 /* TabBarSampleApp.swift */,
				D5FF52ED26CE188D005805B2 /* ContentView.swift */,
				D5FF52EF26CE188F005805B2 /* Assets.xcassets */,
				D5FF52F426CE188F005805B2 /* Info.plist */,
				D5FF52F126CE188F005805B2 /* Preview Content */,
				D5FF52FA26CE196C005805B2 /* Trip.swift */,
				D5FF52FC26CE1AF4005805B2 /* Home.swift */,
				D5FF52FE26CE4EFB005805B2 /* PageControll.swift */,
				D5FF530026CE516A005805B2 /* CustomShape.swift */,
			);
			path = TabBarSample;
			sourceTree = "<group>";
		};
		D5FF52F126CE188F005805B2 /* Preview Content */ = {
			isa = PBXGroup;
			children = (
				D5FF52F226CE188F005805B2 /* Preview Assets.xcassets */,
			);
			path = "Preview Content";
			sourceTree = "<group>";
		};
/* End PBXGroup section */

/* Begin PBXNativeTarget section */
		D5FF52E726CE188D005805B2 /* TabBarSample */ = {
			isa = PBXNativeTarget;
			buildConfigurationList = D5FF52F726CE188F005805B2 /* Build configuration list for PBXNativeTarget "TabBarSample" */;
			buildPhases = (
				D5FF52E426CE188D005805B2 /* Sources */,
				D5FF52E526CE188D005805B2 /* Frameworks */,
				D5FF52E626CE188D005805B2 /* Resources */,
			);
			buildRules = (
			);
			dependencies = (
			);
			name = TabBarSample;
			productName = TabBarSample;
			productReference = D5FF52E826CE188D005805B2 /* TabBarSample.app */;
			productType = "com.apple.product-type.application";
		};
/* End PBXNativeTarget section */

/* Begin PBXProject section */
		D5FF52E026CE188D005805B2 /* Project object */ = {
			isa = PBXProject;
			attributes = {
				LastSwiftUpdateCheck = 1250;
				LastUpgradeCheck = 1250;
				TargetAttributes = {
					D5FF52E726CE188D005805B2 = {
						CreatedOnToolsVersion = 12.5.1;
					};
				};
			};
			buildConfigurationList = D5FF52E326CE188D005805B2 /* Build configuration list for PBXProject "TabBarSample" */;
			compatibilityVersion = "Xcode 9.3";
			developmentRegion = en;
			hasScannedForEncodings = 0;
			knownRegions = (
				en,
				Base,
			);
			mainGroup = D5FF52DF26CE188D005805B2;
			productRefGroup = D5FF52E926CE188D005805B2 /* Products */;
			projectDirPath = "";
			projectRoot = "";
			targets = (
				D5FF52E726CE188D005805B2 /* TabBarSample */,
			);
		};
/* End PBXProject section */

/* Begin PBXResourcesBuildPhase section */
		D5FF52E626CE188D005805B2 /* Resources */ = {
			isa = PBXResourcesBuildPhase;
			buildActionMask = 2147483647;
			files = (
				D5FF52F326CE188F005805B2 /* Preview Assets.xcassets in Resources */,
				D5FF52F026CE188F005805B2 /* Assets.xcassets in Resources */,
			);
			runOnlyForDeploymentPostprocessing = 0;
		};
/* End PBXResourcesBuildPhase section */

/* Begin PBXSourcesBuildPhase section */
		D5FF52E426CE188D005805B2 /* Sources */ = {
			isa = PBXSourcesBuildPhase;
			buildActionMask = 2147483647;
			files = (
				D5FF52FB26CE196C005805B2 /* Trip.swift in Sources */,
				D5FF52FF26CE4EFB005805B2 /* PageControll.swift in Sources */,
				D5FF530126CE516A005805B2 /* CustomShape.swift in Sources */,
				D5FF52EE26CE188D005805B2 /* ContentView.swift in Sources */,
				D5FF52FD26CE1AF4005805B2 /* Home.swift in Sources */,
				D5FF52EC26CE188D005805B2 /* TabBarSampleApp.swift in Sources */,
			);
			runOnlyForDeploymentPostprocessing = 0;
		};
/* End PBXSourcesBuildPhase section */

/* Begin XCBuildConfiguration section */
		D5FF52F526CE188F005805B2 /* Debug */ = {
			isa = XCBuildConfiguration;
			buildSettings = {
				ALWAYS_SEARCH_USER_PATHS = NO;
				CLANG_ANALYZER_NONNULL = YES;
				CLANG_ANALYZER_NUMBER_OBJECT_CONVERSION = YES_AGGRESSIVE;
				CLANG_CXX_LANGUAGE_STANDARD = "gnu++14";
				CLANG_CXX_LIBRARY = "libc++";
				CLANG_ENABLE_MODULES = YES;
				CLANG_ENABLE_OBJC_ARC = YES;
				CLANG_ENABLE_OBJC_WEAK = YES;
				CLANG_WARN_BLOCK_CAPTURE_AUTORELEASING = YES;
				CLANG_WARN_BOOL_CONVERSION = YES;
				CLANG_WARN_COMMA = YES;
				CLANG_WARN_CONSTANT_CONVERSION = YES;
				CLANG_WARN_DEPRECATED_OBJC_IMPLEMENTATIONS = YES;
				CLANG_WARN_DIRECT_OBJC_ISA_USAGE = YES_ERROR;
				CLANG_WARN_DOCUMENTATION_COMMENTS = YES;
				CLANG_WARN_EMPTY_BODY = YES;
				CLANG_WARN_ENUM_CONVERSION = YES;
				CLANG_WARN_INFINITE_RECURSION = YES;
				CLANG_WARN_INT_CONVERSION = YES;
				CLANG_WARN_NON_LITERAL_NULL_CONVERSION = YES;
				CLANG_WARN_OBJC_IMPLICIT_RETAIN_SELF = YES;
				CLANG_WARN_OBJC_LITERAL_CONVERSION = YES;
				CLANG_WARN_OBJC_ROOT_CLASS = YES_ERROR;
				CLANG_WARN_QUOTED_INCLUDE_IN_FRAMEWORK_HEADER = YES;
				CLANG_WARN_RANGE_LOOP_ANALYSIS = YES;
				CLANG_WARN_STRICT_PROTOTYPES = YES;
				CLANG_WARN_SUSPICIOUS_MOVE = YES;
				CLANG_WARN_UNGUARDED_AVAILABILITY = YES_AGGRESSIVE;
				CLANG_WARN_UNREACHABLE_CODE = YES;
				CLANG_WARN__DUPLICATE_METHOD_MATCH = YES;
				COPY_PHASE_STRIP = NO;
				DEBUG_INFORMATION_FORMAT = dwarf;
				ENABLE_STRICT_OBJC_MSGSEND = YES;
				ENABLE_TESTABILITY = YES;
				GCC_C_LANGUAGE_STANDARD = gnu11;
				GCC_DYNAMIC_NO_PIC = NO;
				GCC_NO_COMMON_BLOCKS = YES;
				GCC_OPTIMIZATION_LEVEL = 0;
				GCC_PREPROCESSOR_DEFINITIONS = (
					"DEBUG=1",
					"$(inherited)",
				);
				GCC_WARN_64_TO_32_BIT_CONVERSION = YES;
				GCC_WARN_ABOUT_RETURN_TYPE = YES_ERROR;
				GCC_WARN_UNDECLARED_SELECTOR = YES;
				GCC_WARN_UNINITIALIZED_AUTOS = YES_AGGRESSIVE;
				GCC_WARN_UNUSED_FUNCTION = YES;
				GCC_WARN_UNUSED_VARIABLE = YES;
				IPHONEOS_DEPLOYMENT_TARGET = 14.5;
				MTL_ENABLE_DEBUG_INFO = INCLUDE_SOURCE;
				MTL_FAST_MATH = YES;
				ONLY_ACTIVE_ARCH = YES;
				SDKROOT = iphoneos;
				SWIFT_ACTIVE_COMPILATION_CONDITIONS = DEBUG;
				SWIFT_OPTIMIZATION_LEVEL = "-Onone";
			};
			name = Debug;
		};
		D5FF52F626CE188F005805B2 /* Release */ = {
			isa = XCBuildConfiguration;
			buildSettings = {
				ALWAYS_SEARCH_USER_PATHS = NO;
				CLANG_ANALYZER_NONNULL = YES;
				CLANG_ANALYZER_NUMBER_OBJECT_CONVERSION = YES_AGGRESSIVE;
				CLANG_CXX_LANGUAGE_STANDARD = "gnu++14";
				CLANG_CXX_LIBRARY = "libc++";
				CLANG_ENABLE_MODULES = YES;
				CLANG_ENABLE_OBJC_ARC = YES;
				CLANG_ENABLE_OBJC_WEAK = YES;
				CLANG_WARN_BLOCK_CAPTURE_AUTORELEASING = YES;
				CLANG_WARN_BOOL_CONVERSION = YES;
				CLANG_WARN_COMMA = YES;
				CLANG_WARN_CONSTANT_CONVERSION = YES;
				CLANG_WARN_DEPRECATED_OBJC_IMPLEMENTATIONS = YES;
				CLANG_WARN_DIRECT_OBJC_ISA_USAGE = YES_ERROR;
				CLANG_WARN_DOCUMENTATION_COMMENTS = YES;
				CLANG_WARN_EMPTY_BODY = YES;
				CLANG_WARN_ENUM_CONVERSION = YES;
				CLANG_WARN_INFINITE_RECURSION = YES;
				CLANG_WARN_INT_CONVERSION = YES;
				CLANG_WARN_NON_LITERAL_NULL_CONVERSION = YES;
				CLANG_WARN_OBJC_IMPLICIT_RETAIN_SELF = YES;
				CLANG_WARN_OBJC_LITERAL_CONVERSION = YES;
				CLANG_WARN_OBJC_ROOT_CLASS = YES_ERROR;
				CLANG_WARN_QUOTED_INCLUDE_IN_FRAMEWORK_HEADER = YES;
				CLANG_WARN_RANGE_LOOP_ANALYSIS = YES;
				CLANG_WARN_STRICT_PROTOTYPES = YES;
				CLANG_WARN_SUSPICIOUS_MOVE = YES;
				CLANG_WARN_UNGUARDED_AVAILABILITY = YES_AGGRESSIVE;
				CLANG_WARN_UNREACHABLE_CODE = YES;
				CLANG_WARN__DUPLICATE_METHOD_MATCH = YES;
				COPY_PHASE_STRIP = NO;
				DEBUG_INFORMATION_FORMAT = "dwarf-with-dsym";
				ENABLE_NS_ASSERTIONS = NO;
				ENABLE_STRICT_OBJC_MSGSEND = YES;
				GCC_C_LANGUAGE_STANDARD = gnu11;
				GCC_NO_COMMON_BLOCKS = YES;
				GCC_WARN_64_TO_32_BIT_CONVERSION = YES;
				GCC_WARN_ABOUT_RETURN_TYPE = YES_ERROR;
				GCC_WARN_UNDECLARED_SELECTOR = YES;
				GCC_WARN_UNINITIALIZED_AUTOS = YES_AGGRESSIVE;
				GCC_WARN_UNUSED_FUNCTION = YES;
				GCC_WARN_UNUSED_VARIABLE = YES;
				IPHONEOS_DEPLOYMENT_TARGET = 14.5;
				MTL_ENABLE_DEBUG_INFO = NO;
				MTL_FAST_MATH = YES;
				SDKROOT = iphoneos;
				SWIFT_COMPILATION_MODE = wholemodule;
				SWIFT_OPTIMIZATION_LEVEL = "-O";
				VALIDATE_PRODUCT = YES;
			};
			name = Release;
		};
		D5FF52F826CE188F005805B2 /* Debug */ = {
			isa = XCBuildConfiguration;
			buildSettings = {
				ASSETCATALOG_COMPILER_APPICON_NAME = AppIcon;
				ASSETCATALOG_COMPILER_GLOBAL_ACCENT_COLOR_NAME = AccentColor;
				CODE_SIGN_STYLE = Automatic;
				DEVELOPMENT_ASSET_PATHS = "\"TabBarSample/Preview Content\"";
				DEVELOPMENT_TEAM = UUD4WPFJTD;
				ENABLE_PREVIEWS = YES;
				INFOPLIST_FILE = TabBarSample/Info.plist;
				IPHONEOS_DEPLOYMENT_TARGET = 14.0;
				LD_RUNPATH_SEARCH_PATHS = (
					"$(inherited)",
					"@executable_path/Frameworks",
				);
				PRODUCT_BUNDLE_IDENTIFIER = jp.ema.TabBarSample;
				PRODUCT_NAME = "$(TARGET_NAME)";
				SWIFT_VERSION = 5.0;
				TARGETED_DEVICE_FAMILY = "1,2";
			};
			name = Debug;
		};
		D5FF52F926CE188F005805B2 /* Release */ = {
			isa = XCBuildConfiguration;
			buildSettings = {
				ASSETCATALOG_COMPILER_APPICON_NAME = AppIcon;
				ASSETCATALOG_COMPILER_GLOBAL_ACCENT_COLOR_NAME = AccentColor;
				CODE_SIGN_STYLE = Automatic;
				DEVELOPMENT_ASSET_PATHS = "\"TabBarSample/Preview Content\"";
				DEVELOPMENT_TEAM = UUD4WPFJTD;
				ENABLE_PREVIEWS = YES;
				INFOPLIST_FILE = TabBarSample/Info.plist;
				IPHONEOS_DEPLOYMENT_TARGET = 14.0;
				LD_RUNPATH_SEARCH_PATHS = (
					"$(inherited)",
					"@executable_path/Frameworks",
				);
				PRODUCT_BUNDLE_IDENTIFIER = jp.ema.TabBarSample;
				PRODUCT_NAME = "$(TARGET_NAME)";
				SWIFT_VERSION = 5.0;
				TARGETED_DEVICE_FAMILY = "1,2";
			};
			name = Release;
		};
/* End XCBuildConfiguration section */

/* Begin XCConfigurationList section */
		D5FF52E326CE188D005805B2 /* Build configuration list for PBXProject "TabBarSample" */ = {
			isa = XCConfigurationList;
			buildConfigurations = (
				D5FF52F526CE188F005805B2 /* Debug */,
				D5FF52F626CE188F005805B2 /* Release */,
			);
			defaultConfigurationIsVisible = 0;
			defaultConfigurationName = Release;
		};
		D5FF52F726CE188F005805B2 /* Build configuration list for PBXNativeTarget "TabBarSample" */ = {
			isa = XCConfigurationList;
			buildConfigurations = (
				D5FF52F826CE188F005805B2 /* Debug */,
				D5FF52F926CE188F005805B2 /* Release */,
			);
			defaultConfigurationIsVisible = 0;
			defaultConfigurationName = Release;
		};
/* End XCConfigurationList section */
	};
	rootObject = D5FF52E026CE188D005805B2 /* Project object */;
}
